
Microsoft Visual Studio Solution File, Format Version 12.00
# Visual Studio Version 16
VisualStudioVersion = 16.0.30611.23
MinimumVisualStudioVersion = 10.0.40219.1
Project("{FAE04EC0-301F-11D3-BF4B-00C04F79EFBC}") = "wi19b001TEST", "wi19b001TEST.csproj", "{30F8B63B-7C5A-4739-9C52-B9BC8B015067}"
EndProject
Global
	GlobalSection(SolutionConfigurationPlatforms) = preSolution
		Debug|Any CPU = Debug|Any CPU
		Release|Any CPU = Release|Any CPU
	EndGlobalSection
	GlobalSection(ProjectConfigurationPlatforms) = postSolution
		{30F8B63B-7C5A-4739-9C52-B9BC8B015067}.Debug|Any CPU.ActiveCfg = Debug|Any CPU
		{30F8B63B-7C5A-4739-9C52-B9BC8B015067}.Debug|Any CPU.Build.0 = Debug|Any CPU
		{30F8B63B-7C5A-4739-9C52-B9BC8B015067}.Release|Any CPU.ActiveCfg = Release|Any CPU
		{30F8B63B-7C5A-4739-9C52-B9BC8B015067}.Release|Any CPU.Build.0 = Release|Any CPU
	EndGlobalSection
	GlobalSection(SolutionProperties) = preSolution
		HideSolutionNode = FALSE
	EndGlobalSection
	GlobalSection(ExtensibilityGlobals) = postSolution
		SolutionGuid = {A6544371-B0A6-4077-B3DD-F7681EAF521F}
	EndGlobalSection
EndGlobal
